
Microsoft Visual Studio Solution File, Format Version 12.00
# Visual Studio Version 16
VisualStudioVersion = 16.0.29709.97
MinimumVisualStudioVersion = 10.0.40219.1
Project("{FAE04EC0-301F-11D3-BF4B-00C04F79EFBC}") = "OOPtask2", "OOPtask2\OOPtask2.csproj", "{CFD1FEA8-06AE-4A79-A07B-639551271C1B}"
EndProject
Global
	GlobalSection(SolutionConfigurationPlatforms) = preSolution
		Debug|Any CPU = Debug|Any CPU
		Release|Any CPU = Release|Any CPU
	EndGlobalSection
	GlobalSection(ProjectConfigurationPlatforms) = postSolution
		{CFD1FEA8-06AE-4A79-A07B-639551271C1B}.Debug|Any CPU.ActiveCfg = Debug|Any CPU
		{CFD1FEA8-06AE-4A79-A07B-639551271C1B}.Debug|Any CPU.Build.0 = Debug|Any CPU
		{CFD1FEA8-06AE-4A79-A07B-639551271C1B}.Release|Any CPU.ActiveCfg = Release|Any CPU
		{CFD1FEA8-06AE-4A79-A07B-639551271C1B}.Release|Any CPU.Build.0 = Release|Any CPU
	EndGlobalSection
	GlobalSection(SolutionProperties) = preSolution
		HideSolutionNode = FALSE
	EndGlobalSection
	GlobalSection(ExtensibilityGlobals) = postSolution
		SolutionGuid = {08306D06-5EA2-4B37-8CA2-498C7AC2D77C}
	EndGlobalSection
EndGlobal
